
Microsoft Visual Studio Solution File, Format Version 12.00
# Visual Studio Version 16
VisualStudioVersion = 16.0.29411.108
MinimumVisualStudioVersion = 10.0.40219.1
Project("{9A19103F-16F7-4668-BE54-9A1E7A4F7556}") = "Clinical", "Clinical\Clinical\Clinical.csproj", "{D42C19F8-77D1-463D-8217-2360AF7ACF4C}"
EndProject
Project("{FAE04EC0-301F-11D3-BF4B-00C04F79EFBC}") = "Clinical.Android", "Clinical\Clinical.Android\Clinical.Android.csproj", "{33A31F2D-1E95-4FAE-83B9-70C2E719DA35}"
EndProject
Project("{FAE04EC0-301F-11D3-BF4B-00C04F79EFBC}") = "Clinical.iOS", "Clinical\Clinical.iOS\Clinical.iOS.csproj", "{64C759A2-7E9B-4F9D-8BF0-4CA314A8FD8B}"
EndProject
Global
	GlobalSection(SolutionConfigurationPlatforms) = preSolution
		Ad-Hoc|Any CPU = Ad-Hoc|Any CPU
		Ad-Hoc|iPhone = Ad-Hoc|iPhone
		Ad-Hoc|iPhoneSimulator = Ad-Hoc|iPhoneSimulator
		AppStore|Any CPU = AppStore|Any CPU
		AppStore|iPhone = AppStore|iPhone
		AppStore|iPhoneSimulator = AppStore|iPhoneSimulator
		Debug|Any CPU = Debug|Any CPU
		Debug|iPhone = Debug|iPhone
		Debug|iPhoneSimulator = Debug|iPhoneSimulator
		Release|Any CPU = Release|Any CPU
		Release|iPhone = Release|iPhone
		Release|iPhoneSimulator = Release|iPhoneSimulator
	EndGlobalSection
	GlobalSection(ProjectConfigurationPlatforms) = postSolution
		{D42C19F8-77D1-463D-8217-2360AF7ACF4C}.Ad-Hoc|Any CPU.ActiveCfg = Debug|Any CPU
		{D42C19F8-77D1-463D-8217-2360AF7ACF4C}.Ad-Hoc|Any CPU.Build.0 = Debug|Any CPU
		{D42C19F8-77D1-463D-8217-2360AF7ACF4C}.Ad-Hoc|iPhone.ActiveCfg = Debug|Any CPU
		{D42C19F8-77D1-463D-8217-2360AF7ACF4C}.Ad-Hoc|iPhone.Build.0 = Debug|Any CPU
		{D42C19F8-77D1-463D-8217-2360AF7ACF4C}.Ad-Hoc|iPhoneSimulator.ActiveCfg = Debug|Any CPU
		{D42C19F8-77D1-463D-8217-2360AF7ACF4C}.Ad-Hoc|iPhoneSimulator.Build.0 = Debug|Any CPU
		{D42C19F8-77D1-463D-8217-2360AF7ACF4C}.AppStore|Any CPU.ActiveCfg = Debug|Any CPU
		{D42C19F8-77D1-463D-8217-2360AF7ACF4C}.AppStore|Any CPU.Build.0 = Debug|Any CPU
		{D42C19F8-77D1-463D-8217-2360AF7ACF4C}.AppStore|iPhone.ActiveCfg = Debug|Any CPU
		{D42C19F8-77D1-463D-8217-2360AF7ACF4C}.AppStore|iPhone.Build.0 = Debug|Any CPU
		{D42C19F8-77D1-463D-8217-2360AF7ACF4C}.AppStore|iPhoneSimulator.ActiveCfg = Debug|Any CPU
		{D42C19F8-77D1-463D-8217-2360AF7ACF4C}.AppStore|iPhoneSimulator.Build.0 = Debug|Any CPU
		{D42C19F8-77D1-463D-8217-2360AF7ACF4C}.Debug|Any CPU.ActiveCfg = Debug|Any CPU
		{D42C19F8-77D1-463D-8217-2360AF7ACF4C}.Debug|Any CPU.Build.0 = Debug|Any CPU
		{D42C19F8-77D1-463D-8217-2360AF7ACF4C}.Debug|iPhone.ActiveCfg = Debug|Any CPU
		{D42C19F8-77D1-463D-8217-2360AF7ACF4C}.Debug|iPhone.Build.0 = Debug|Any CPU
		{D42C19F8-77D1-463D-8217-2360AF7ACF4C}.Debug|iPhoneSimulator.ActiveCfg = Debug|Any CPU
		{D42C19F8-77D1-463D-8217-2360AF7ACF4C}.Debug|iPhoneSimulator.Build.0 = Debug|Any CPU
		{D42C19F8-77D1-463D-8217-2360AF7ACF4C}.Release|Any CPU.ActiveCfg = Release|Any CPU
		{D42C19F8-77D1-463D-8217-2360AF7ACF4C}.Release|Any CPU.Build.0 = Release|Any CPU
		{D42C19F8-77D1-463D-8217-2360AF7ACF4C}.Release|iPhone.ActiveCfg = Release|Any CPU
		{D42C19F8-77D1-463D-8217-2360AF7ACF4C}.Release|iPhone.Build.0 = Release|Any CPU
		{D42C19F8-77D1-463D-8217-2360AF7ACF4C}.Release|iPhoneSimulator.ActiveCfg = Release|Any CPU
		{D42C19F8-77D1-463D-8217-2360AF7ACF4C}.Release|iPhoneSimulator.Build.0 = Release|Any CPU
		{33A31F2D-1E95-4FAE-83B9-70C2E719DA35}.Ad-Hoc|Any CPU.ActiveCfg = Release|Any CPU
		{33A31F2D-1E95-4FAE-83B9-70C2E719DA35}.Ad-Hoc|Any CPU.Build.0 = Release|Any CPU
		{33A31F2D-1E95-4FAE-83B9-70C2E719DA35}.Ad-Hoc|Any CPU.Deploy.0 = Release|Any CPU
		{33A31F2D-1E95-4FAE-83B9-70C2E719DA35}.Ad-Hoc|iPhone.ActiveCfg = Release|Any CPU
		{33A31F2D-1E95-4FAE-83B9-70C2E719DA35}.Ad-Hoc|iPhone.Build.0 = Release|Any CPU
		{33A31F2D-1E95-4FAE-83B9-70C2E719DA35}.Ad-Hoc|iPhone.Deploy.0 = Release|Any CPU
		{33A31F2D-1E95-4FAE-83B9-70C2E719DA35}.Ad-Hoc|iPhoneSimulator.ActiveCfg = Release|Any CPU
		{33A31F2D-1E95-4FAE-83B9-70C2E719DA35}.Ad-Hoc|iPhoneSimulator.Build.0 = Release|Any CPU
		{33A31F2D-1E95-4FAE-83B9-70C2E719DA35}.Ad-Hoc|iPhoneSimulator.Deploy.0 = Release|Any CPU
		{33A31F2D-1E95-4FAE-83B9-70C2E719DA35}.AppStore|Any CPU.ActiveCfg = Release|Any CPU
		{33A31F2D-1E95-4FAE-83B9-70C2E719DA35}.AppStore|Any CPU.Build.0 = Release|Any CPU
		{33A31F2D-1E95-4FAE-83B9-70C2E719DA35}.AppStore|Any CPU.Deploy.0 = Release|Any CPU
		{33A31F2D-1E95-4FAE-83B9-70C2E719DA35}.AppStore|iPhone.ActiveCfg = Release|Any CPU
		{33A31F2D-1E95-4FAE-83B9-70C2E719DA35}.AppStore|iPhone.Build.0 = Release|Any CPU
		{33A31F2D-1E95-4FAE-83B9-70C2E719DA35}.AppStore|iPhone.Deploy.0 = Release|Any CPU
		{33A31F2D-1E95-4FAE-83B9-70C2E719DA35}.AppStore|iPhoneSimulator.ActiveCfg = Release|Any CPU
		{33A31F2D-1E95-4FAE-83B9-70C2E719DA35}.AppStore|iPhoneSimulator.Build.0 = Release|Any CPU
		{33A31F2D-1E95-4FAE-83B9-70C2E719DA35}.AppStore|iPhoneSimulator.Deploy.0 = Release|Any CPU
		{33A31F2D-1E95-4FAE-83B9-70C2E719DA35}.Debug|Any CPU.ActiveCfg = Debug|Any CPU
		{33A31F2D-1E95-4FAE-83B9-70C2E719DA35}.Debug|Any CPU.Build.0 = Debug|Any CPU
		{33A31F2D-1E95-4FAE-83B9-70C2E719DA35}.Debug|Any CPU.Deploy.0 = Debug|Any CPU
		{33A31F2D-1E95-4FAE-83B9-70C2E719DA35}.Debug|iPhone.ActiveCfg = Debug|Any CPU
		{33A31F2D-1E95-4FAE-83B9-70C2E719DA35}.Debug|iPhone.Build.0 = Debug|Any CPU
		{33A31F2D-1E95-4FAE-83B9-70C2E719DA35}.Debug|iPhone.Deploy.0 = Debug|Any CPU
		{33A31F2D-1E95-4FAE-83B9-70C2E719DA35}.Debug|iPhoneSimulator.ActiveCfg = Debug|Any CPU
		{33A31F2D-1E95-4FAE-83B9-70C2E719DA35}.Debug|iPhoneSimulator.Build.0 = Debug|Any CPU
		{33A31F2D-1E95-4FAE-83B9-70C2E719DA35}.Debug|iPhoneSimulator.Deploy.0 = Debug|Any CPU
		{33A31F2D-1E95-4FAE-83B9-70C2E719DA35}.Release|Any CPU.ActiveCfg = Release|Any CPU
		{33A31F2D-1E95-4FAE-83B9-70C2E719DA35}.Release|Any CPU.Build.0 = Release|Any CPU
		{33A31F2D-1E95-4FAE-83B9-70C2E719DA35}.Release|Any CPU.Deploy.0 = Release|Any CPU
		{33A31F2D-1E95-4FAE-83B9-70C2E719DA35}.Release|iPhone.ActiveCfg = Release|Any CPU
		{33A31F2D-1E95-4FAE-83B9-70C2E719DA35}.Release|iPhone.Build.0 = Release|Any CPU
		{33A31F2D-1E95-4FAE-83B9-70C2E719DA35}.Release|iPhone.Deploy.0 = Release|Any CPU
		{33A31F2D-1E95-4FAE-83B9-70C2E719DA35}.Release|iPhoneSimulator.ActiveCfg = Release|Any CPU
		{33A31F2D-1E95-4FAE-83B9-70C2E719DA35}.Release|iPhoneSimulator.Build.0 = Release|Any CPU
		{33A31F2D-1E95-4FAE-83B9-70C2E719DA35}.Release|iPhoneSimulator.Deploy.0 = Release|Any CPU
		{64C759A2-7E9B-4F9D-8BF0-4CA314A8FD8B}.Ad-Hoc|Any CPU.ActiveCfg = Ad-Hoc|iPhone
		{64C759A2-7E9B-4F9D-8BF0-4CA314A8FD8B}.Ad-Hoc|iPhone.ActiveCfg = Ad-Hoc|iPhone
		{64C759A2-7E9B-4F9D-8BF0-4CA314A8FD8B}.Ad-Hoc|iPhone.Build.0 = Ad-Hoc|iPhone
		{64C759A2-7E9B-4F9D-8BF0-4CA314A8FD8B}.Ad-Hoc|iPhoneSimulator.ActiveCfg = Ad-Hoc|iPhoneSimulator
		{64C759A2-7E9B-4F9D-8BF0-4CA314A8FD8B}.Ad-Hoc|iPhoneSimulator.Build.0 = Ad-Hoc|iPhoneSimulator
		{64C759A2-7E9B-4F9D-8BF0-4CA314A8FD8B}.AppStore|Any CPU.ActiveCfg = AppStore|iPhone
		{64C759A2-7E9B-4F9D-8BF0-4CA314A8FD8B}.AppStore|iPhone.ActiveCfg = AppStore|iPhone
		{64C759A2-7E9B-4F9D-8BF0-4CA314A8FD8B}.AppStore|iPhone.Build.0 = AppStore|iPhone
		{64C759A2-7E9B-4F9D-8BF0-4CA314A8FD8B}.AppStore|iPhoneSimulator.ActiveCfg = AppStore|iPhoneSimulator
		{64C759A2-7E9B-4F9D-8BF0-4CA314A8FD8B}.AppStore|iPhoneSimulator.Build.0 = AppStore|iPhoneSimulator
		{64C759A2-7E9B-4F9D-8BF0-4CA314A8FD8B}.Debug|Any CPU.ActiveCfg = Debug|iPhone
		{64C759A2-7E9B-4F9D-8BF0-4CA314A8FD8B}.Debug|iPhone.ActiveCfg = Debug|iPhone
		{64C759A2-7E9B-4F9D-8BF0-4CA314A8FD8B}.Debug|iPhone.Build.0 = Debug|iPhone
		{64C759A2-7E9B-4F9D-8BF0-4CA314A8FD8B}.Debug|iPhoneSimulator.ActiveCfg = Debug|iPhoneSimulator
		{64C759A2-7E9B-4F9D-8BF0-4CA314A8FD8B}.Debug|iPhoneSimulator.Build.0 = Debug|iPhoneSimulator
		{64C759A2-7E9B-4F9D-8BF0-4CA314A8FD8B}.Release|Any CPU.ActiveCfg = Release|iPhone
		{64C759A2-7E9B-4F9D-8BF0-4CA314A8FD8B}.Release|iPhone.ActiveCfg = Release|iPhone
		{64C759A2-7E9B-4F9D-8BF0-4CA314A8FD8B}.Release|iPhone.Build.0 = Release|iPhone
		{64C759A2-7E9B-4F9D-8BF0-4CA314A8FD8B}.Release|iPhoneSimulator.ActiveCfg = Release|iPhoneSimulator
		{64C759A2-7E9B-4F9D-8BF0-4CA314A8FD8B}.Release|iPhoneSimulator.Build.0 = Release|iPhoneSimulator
	EndGlobalSection
	GlobalSection(SolutionProperties) = preSolution
		HideSolutionNode = FALSE
	EndGlobalSection
	GlobalSection(ExtensibilityGlobals) = postSolution
		SolutionGuid = {0BB48F43-679D-4298-8F6F-580FA7987A67}
	EndGlobalSection
EndGlobal
